
Microsoft Visual Studio Solution File, Format Version 12.00
# Visual Studio Version 17
VisualStudioVersion = 17.13.35931.197 d17.13
MinimumVisualStudioVersion = 10.0.40219.1
Project("{FAE04EC0-301F-11D3-BF4B-00C04F79EFBC}") = "Couponly.Domain", "Couponly.Domain\Couponly.Domain.csproj", "{746B6E37-4E92-45EC-A021-5A16A67EAECF}"
EndProject
Project("{FAE04EC0-301F-11D3-BF4B-00C04F79EFBC}") = "Couponly.Application", "Couponly.Application\Couponly.Application.csproj", "{C023517F-C2AA-45F3-A1F8-B20E7ED4F419}"
EndProject
Project("{FAE04EC0-301F-11D3-BF4B-00C04F79EFBC}") = "Couponly.Infrastructure", "Couponly.Infrastructure\Couponly.Infrastructure.csproj", "{9170576B-1AE9-4316-A92C-117F32840F0B}"
EndProject
Project("{FAE04EC0-301F-11D3-BF4B-00C04F79EFBC}") = "Couponly.Persistence", "Couponly.Persistence\Couponly.Persistence.csproj", "{2CD93097-3D26-4FEE-B816-CFCF46DFD5B6}"
EndProject
Project("{FAE04EC0-301F-11D3-BF4B-00C04F79EFBC}") = "Couponly.API", "Couponly.API\Couponly.API.csproj", "{8A0FC396-86EC-4BE4-9793-8DECD93FA915}"
EndProject
Global
	GlobalSection(SolutionConfigurationPlatforms) = preSolution
		Debug|Any CPU = Debug|Any CPU
		Release|Any CPU = Release|Any CPU
	EndGlobalSection
	GlobalSection(ProjectConfigurationPlatforms) = postSolution
		{746B6E37-4E92-45EC-A021-5A16A67EAECF}.Debug|Any CPU.ActiveCfg = Debug|Any CPU
		{746B6E37-4E92-45EC-A021-5A16A67EAECF}.Debug|Any CPU.Build.0 = Debug|Any CPU
		{746B6E37-4E92-45EC-A021-5A16A67EAECF}.Release|Any CPU.ActiveCfg = Release|Any CPU
		{746B6E37-4E92-45EC-A021-5A16A67EAECF}.Release|Any CPU.Build.0 = Release|Any CPU
		{C023517F-C2AA-45F3-A1F8-B20E7ED4F419}.Debug|Any CPU.ActiveCfg = Debug|Any CPU
		{C023517F-C2AA-45F3-A1F8-B20E7ED4F419}.Debug|Any CPU.Build.0 = Debug|Any CPU
		{C023517F-C2AA-45F3-A1F8-B20E7ED4F419}.Release|Any CPU.ActiveCfg = Release|Any CPU
		{C023517F-C2AA-45F3-A1F8-B20E7ED4F419}.Release|Any CPU.Build.0 = Release|Any CPU
		{9170576B-1AE9-4316-A92C-117F32840F0B}.Debug|Any CPU.ActiveCfg = Debug|Any CPU
		{9170576B-1AE9-4316-A92C-117F32840F0B}.Debug|Any CPU.Build.0 = Debug|Any CPU
		{9170576B-1AE9-4316-A92C-117F32840F0B}.Release|Any CPU.ActiveCfg = Release|Any CPU
		{9170576B-1AE9-4316-A92C-117F32840F0B}.Release|Any CPU.Build.0 = Release|Any CPU
		{2CD93097-3D26-4FEE-B816-CFCF46DFD5B6}.Debug|Any CPU.ActiveCfg = Debug|Any CPU
		{2CD93097-3D26-4FEE-B816-CFCF46DFD5B6}.Debug|Any CPU.Build.0 = Debug|Any CPU
		{2CD93097-3D26-4FEE-B816-CFCF46DFD5B6}.Release|Any CPU.ActiveCfg = Release|Any CPU
		{2CD93097-3D26-4FEE-B816-CFCF46DFD5B6}.Release|Any CPU.Build.0 = Release|Any CPU
		{8A0FC396-86EC-4BE4-9793-8DECD93FA915}.Debug|Any CPU.ActiveCfg = Debug|Any CPU
		{8A0FC396-86EC-4BE4-9793-8DECD93FA915}.Debug|Any CPU.Build.0 = Debug|Any CPU
		{8A0FC396-86EC-4BE4-9793-8DECD93FA915}.Release|Any CPU.ActiveCfg = Release|Any CPU
		{8A0FC396-86EC-4BE4-9793-8DECD93FA915}.Release|Any CPU.Build.0 = Release|Any CPU
	EndGlobalSection
	GlobalSection(SolutionProperties) = preSolution
		HideSolutionNode = FALSE
	EndGlobalSection
	GlobalSection(ExtensibilityGlobals) = postSolution
		SolutionGuid = {6AB18BAC-1021-4B71-9DD7-597DF7008313}
	EndGlobalSection
EndGlobal
